
Microsoft Visual Studio Solution File, Format Version 12.00
# Visual Studio Version 17
VisualStudioVersion = 17.0.32112.339
MinimumVisualStudioVersion = 10.0.40219.1
Project("{9A19103F-16F7-4668-BE54-9A1E7A4F7556}") = "EPPlus.WebSampleMvc.NetCore", "EPPlus.WebSampleMvc.NetCore\EPPlus.WebSampleMvc.NetCore.csproj", "{A8E619E5-BBBA-44C9-873A-5A1B962FDE1A}"
EndProject
Project("{9A19103F-16F7-4668-BE54-9A1E7A4F7556}") = "EPPlus.WebSampleMvc.NetCore.WebAssemblySamples", "EPPlus.WebSampleMvc.NetCore.WebAssemblySamples\EPPlus.WebSampleMvc.NetCore.WebAssemblySamples.csproj", "{0CEBF45E-056A-4E40-88E8-225171151E8A}"
EndProject
Project("{9A19103F-16F7-4668-BE54-9A1E7A4F7556}") = "EPPlus", "..\..\HtmlEpplusBugs\EPPlus\src\EPPlus\EPPlus.csproj", "{05B8EF60-0F35-4CB4-903B-7BD453C18AE8}"
EndProject
Global
	GlobalSection(SolutionConfigurationPlatforms) = preSolution
		Debug|Any CPU = Debug|Any CPU
		Release|Any CPU = Release|Any CPU
	EndGlobalSection
	GlobalSection(ProjectConfigurationPlatforms) = postSolution
		{A8E619E5-BBBA-44C9-873A-5A1B962FDE1A}.Debug|Any CPU.ActiveCfg = Debug|Any CPU
		{A8E619E5-BBBA-44C9-873A-5A1B962FDE1A}.Debug|Any CPU.Build.0 = Debug|Any CPU
		{A8E619E5-BBBA-44C9-873A-5A1B962FDE1A}.Release|Any CPU.ActiveCfg = Release|Any CPU
		{A8E619E5-BBBA-44C9-873A-5A1B962FDE1A}.Release|Any CPU.Build.0 = Release|Any CPU
		{0CEBF45E-056A-4E40-88E8-225171151E8A}.Debug|Any CPU.ActiveCfg = Debug|Any CPU
		{0CEBF45E-056A-4E40-88E8-225171151E8A}.Debug|Any CPU.Build.0 = Debug|Any CPU
		{0CEBF45E-056A-4E40-88E8-225171151E8A}.Release|Any CPU.ActiveCfg = Release|Any CPU
		{0CEBF45E-056A-4E40-88E8-225171151E8A}.Release|Any CPU.Build.0 = Release|Any CPU
		{05B8EF60-0F35-4CB4-903B-7BD453C18AE8}.Debug|Any CPU.ActiveCfg = Debug|Any CPU
		{05B8EF60-0F35-4CB4-903B-7BD453C18AE8}.Debug|Any CPU.Build.0 = Debug|Any CPU
		{05B8EF60-0F35-4CB4-903B-7BD453C18AE8}.Release|Any CPU.ActiveCfg = Release|Any CPU
		{05B8EF60-0F35-4CB4-903B-7BD453C18AE8}.Release|Any CPU.Build.0 = Release|Any CPU
	EndGlobalSection
	GlobalSection(SolutionProperties) = preSolution
		HideSolutionNode = FALSE
	EndGlobalSection
	GlobalSection(ExtensibilityGlobals) = postSolution
		SolutionGuid = {1E298B58-A1C6-46A5-8D83-1863B6BE3F35}
	EndGlobalSection
EndGlobal
